<?xml version="1.0" encoding="utf-8"?>
<Project ToolsVersion="4.0" xmlns="http://schemas.microsoft.com/developer/msbuild/2003">
  <ItemGroup>
    <Filter Include="ReferenceFMUs">
      <UniqueIdentifier>{41a7127a-cae8-4b0a-8306-4c9360b2959b}</UniqueIdentifier>
    </Filter>
    <Filter Include="ReferenceFMUs\include">
      <UniqueIdentifier>{64c34bfe-2ad9-46d9-9c64-e29410b2b1bd}</UniqueIdentifier>
    </Filter>
    <Filter Include="ReferenceFMUs\src">
      <UniqueIdentifier>{0e298334-3326-42ac-bb42-aa9db30341fd}</UniqueIdentifier>
    </Filter>
    <Filter Include="Utils">
      <UniqueIdentifier>{16b2c10b-fd0e-455b-bd97-e04f9abd9b4e}</UniqueIdentifier>
    </Filter>
    <Filter Include="ReferenceFMUs\model">
      <UniqueIdentifier>{8e1d9c44-aa7b-4a47-9749-ae1b3acede52}</UniqueIdentifier>
    </Filter>
  </ItemGroup>
  <ItemGroup>
    <ClInclude Include="..\..\Library\ReferenceFMUs\include\cosimulation.h">
      <Filter>ReferenceFMUs\include</Filter>
    </ClInclude>
    <ClInclude Include="..\..\Library\ReferenceFMUs\include\fmi2Functions.h">
      <Filter>ReferenceFMUs\include</Filter>
    </ClInclude>
    <ClInclude Include="..\..\Library\ReferenceFMUs\include\fmi2FunctionTypes.h">
      <Filter>ReferenceFMUs\include</Filter>
    </ClInclude>
    <ClInclude Include="..\..\Library\ReferenceFMUs\include\fmi2TypesPlatform.h">
      <Filter>ReferenceFMUs\include</Filter>
    </ClInclude>
    <ClInclude Include="..\..\Library\ReferenceFMUs\include\model.h">
      <Filter>ReferenceFMUs\include</Filter>
    </ClInclude>
    <ClInclude Include="..\..\Library\Utils\BuildInfo.h">
      <Filter>Utils</Filter>
    </ClInclude>
  </ItemGroup>
  <ItemGroup>
    <ClCompile Include="..\..\Library\ReferenceFMUs\src\cosimulation.c">
      <Filter>ReferenceFMUs\src</Filter>
    </ClCompile>
    <ClCompile Include="..\..\Library\ReferenceFMUs\src\fmi2Functions.c">
      <Filter>ReferenceFMUs\src</Filter>
    </ClCompile>
    <ClCompile Include="..\..\Library\ReferenceFMUs\model\model.cpp">
      <Filter>ReferenceFMUs\model</Filter>
    </ClCompile>
    <ClCompile Include="..\..\Library\ReferenceFMUs\model\model_dll_init.cpp">
      <Filter>ReferenceFMUs\model</Filter>
    </ClCompile>
    <ClCompile Include="..\..\Library\Utils\BuildInfo.cpp">
      <Filter>Utils</Filter>
    </ClCompile>
  </ItemGroup>
</Project>