<?xml version="1.0" encoding="utf-8"?>
<Project ToolsVersion="4.0" xmlns="http://schemas.microsoft.com/developer/msbuild/2003">
  <ItemGroup>
    <ClCompile Include="..\..\Library\CFMU_Builder\CreateModelDescriptionApp.cpp" />
    <ClCompile Include="..\..\Library\Utils\BuildInfo.cpp">
      <Filter>Utils</Filter>
    </ClCompile>
  </ItemGroup>
  <ItemGroup>
    <Filter Include="Utils">
      <UniqueIdentifier>{1a591fda-ccbf-4a64-bfd7-f88cff1cb4f6}</UniqueIdentifier>
    </Filter>
  </ItemGroup>
  <ItemGroup>
    <ClInclude Include="..\..\Library\Utils\BuildInfo.h">
      <Filter>Utils</Filter>
    </ClInclude>
  </ItemGroup>
</Project>